<?xml version="1.0" encoding="utf-8"?>
<Project ToolsVersion="4.0" xmlns="http://schemas.microsoft.com/developer/msbuild/2003">
  <ItemGroup>
    <Filter Include="Quelldateien">
      <UniqueIdentifier>{4FC737F1-C7A5-4376-A066-2A32D752A2FF}</UniqueIdentifier>
      <Extensions>cpp;c;cc;cxx;def;odl;idl;hpj;bat;asm;asmx</Extensions>
    </Filter>
    <Filter Include="Headerdateien">
      <UniqueIdentifier>{93995380-89BD-4b04-88EB-625FBE52EBFB}</UniqueIdentifier>
      <Extensions>h;hh;hpp;hxx;hm;inl;inc;ipp;xsd</Extensions>
    </Filter>
    <Filter Include="Ressourcendateien">
      <UniqueIdentifier>{67DA6AB6-F800-4c08-8B7A-83BB121AAD01}</UniqueIdentifier>
      <Extensions>rc;ico;cur;bmp;dlg;rc2;rct;bin;rgs;gif;jpg;jpeg;jpe;resx;tiff;tif;png;wav;mfcribbon-ms;</Extensions>
    </Filter>
  </ItemGroup>
  <ItemGroup>
    <ClCompile Include="src\Main\BuildomASCII.cpp">
      <Filter>Quelldateien</Filter>
    </ClCompile>
    <ClCompile Include="src\pch\pch.cpp">
      <Filter>Quelldateien</Filter>
    </ClCompile>
    <ClCompile Include="src\friendlyConsole\friendlyConsole.cpp">
      <Filter>Quelldateien</Filter>
    </ClCompile>
    <ClCompile Include="src\LevelElement\LevelElement.cpp">
      <Filter>Quelldateien</Filter>
    </ClCompile>
    <ClCompile Include="src\Level\Level.cpp">
      <Filter>Quelldateien</Filter>
    </ClCompile>
    <ClCompile Include="src\LevelElement\Solid\Solid.cpp">
      <Filter>Quelldateien</Filter>
    </ClCompile>
    <ClCompile Include="src\LevelElement\Empty\Empty.cpp">
      <Filter>Quelldateien</Filter>
    </ClCompile>
    <ClCompile Include="src\LevelElement\SlopeUp\SlopeUp.cpp">
      <Filter>Quelldateien</Filter>
    </ClCompile>
    <ClCompile Include="src\LevelElement\SlopeDown\SlopeDown.cpp">
      <Filter>Quelldateien</Filter>
    </ClCompile>
    <ClCompile Include="src\Game\Game.cpp">
      <Filter>Quelldateien</Filter>
    </ClCompile>
    <ClCompile Include="src\Screen\Build\Build.cpp">
      <Filter>Quelldateien</Filter>
    </ClCompile>
    <ClCompile Include="src\Screen\Build\Cursor\Cursor.cpp">
      <Filter>Quelldateien</Filter>
    </ClCompile>
    <ClCompile Include="src\Screen\Screen.cpp">
      <Filter>Quelldateien</Filter>
    </ClCompile>
    <ClCompile Include="src\Screen\StartScreen\StartScreen.cpp">
      <Filter>Quelldateien</Filter>
    </ClCompile>
    <ClCompile Include="src\Button\Button.cpp">
      <Filter>Quelldateien</Filter>
    </ClCompile>
    <ClCompile Include="src\Button\ExitButton\ExitButton.cpp">
      <Filter>Quelldateien</Filter>
    </ClCompile>
    <ClCompile Include="src\Button\PlayStoryButton\PlayStoryButton.cpp">
      <Filter>Quelldateien</Filter>
    </ClCompile>
    <ClCompile Include="src\Button\CreditsButton\CreditsButton.cpp">
      <Filter>Quelldateien</Filter>
    </ClCompile>
    <ClCompile Include="src\Screen\Credits\Credits.cpp">
      <Filter>Quelldateien</Filter>
    </ClCompile>
    <ClCompile Include="src\LevelElement\ChangeDir\ChangeDir.cpp">
      <Filter>Quelldateien</Filter>
    </ClCompile>
    <ClCompile Include="src\LevelElement\Spike\Spike.cpp">
      <Filter>Quelldateien</Filter>
    </ClCompile>
    <ClCompile Include="src\Screen\LevelEditor\LevelEditor.cpp">
      <Filter>Quelldateien</Filter>
    </ClCompile>
    <ClCompile Include="src\Button\PlayCustomButton\PlayCustomButton.cpp">
      <Filter>Quelldateien</Filter>
    </ClCompile>
    <ClCompile Include="src\Button\ManualButton\ManualButton.cpp">
      <Filter>Quelldateien</Filter>
    </ClCompile>
    <ClCompile Include="src\Screen\Manual\Manual.cpp">
      <Filter>Quelldateien</Filter>
    </ClCompile>
    <ClCompile Include="src\BdalManager\BdalManager.cpp">
      <Filter>Quelldateien</Filter>
    </ClCompile>
    <ClCompile Include="src\Screen\CustomLevelSelect\CustomLevelSelect.cpp">
      <Filter>Quelldateien</Filter>
    </ClCompile>
    <ClCompile Include="src\Button\CreateNewCustomButton\CreateNewCustomButton.cpp">
      <Filter>Quelldateien</Filter>
    </ClCompile>
    <ClCompile Include="src\Position\Pos.cpp">
      <Filter>Quelldateien</Filter>
    </ClCompile>
  </ItemGroup>
  <ItemGroup>
    <ClInclude Include="src\pch\pch.h">
      <Filter>Headerdateien</Filter>
    </ClInclude>
    <ClInclude Include="src\friendlyConsole\friendlyConsole.hpp">
      <Filter>Headerdateien</Filter>
    </ClInclude>
    <ClInclude Include="src\Screen\Screen.h">
      <Filter>Headerdateien</Filter>
    </ClInclude>
    <ClInclude Include="src\LevelElement\LevelElement.h">
      <Filter>Headerdateien</Filter>
    </ClInclude>
    <ClInclude Include="src\Level\Level.h">
      <Filter>Headerdateien</Filter>
    </ClInclude>
    <ClInclude Include="src\LevelElement\Solid\Solid.h">
      <Filter>Headerdateien</Filter>
    </ClInclude>
    <ClInclude Include="src\LevelElement\Empty\Empty.h">
      <Filter>Headerdateien</Filter>
    </ClInclude>
    <ClInclude Include="src\LevelElement\SlopeUp\SlopeUp.h">
      <Filter>Headerdateien</Filter>
    </ClInclude>
    <ClInclude Include="src\LevelElement\SlopeDown\SlopeDown.h">
      <Filter>Headerdateien</Filter>
    </ClInclude>
    <ClInclude Include="src\Game\Game.h">
      <Filter>Headerdateien</Filter>
    </ClInclude>
    <ClInclude Include="src\Screen\Build\Build.h">
      <Filter>Headerdateien</Filter>
    </ClInclude>
    <ClInclude Include="src\Screen\Build\Cursor\Cursor.h">
      <Filter>Headerdateien</Filter>
    </ClInclude>
    <ClInclude Include="src\Screen\StartScreen\StartScreen.h">
      <Filter>Headerdateien</Filter>
    </ClInclude>
    <ClInclude Include="src\Button\Button.h">
      <Filter>Headerdateien</Filter>
    </ClInclude>
    <ClInclude Include="src\Button\ExitButton\ExitButton.h">
      <Filter>Headerdateien</Filter>
    </ClInclude>
    <ClInclude Include="src\Button\PlayStoryButton\PlayStoryButton.h">
      <Filter>Headerdateien</Filter>
    </ClInclude>
    <ClInclude Include="src\Button\CreditsButton\CreditsButton.h">
      <Filter>Headerdateien</Filter>
    </ClInclude>
    <ClInclude Include="src\Screen\Credits\Credits.h">
      <Filter>Headerdateien</Filter>
    </ClInclude>
    <ClInclude Include="src\Position\Pos.h">
      <Filter>Headerdateien</Filter>
    </ClInclude>
    <ClInclude Include="src\LevelElement\ChangeDir\ChangeDir.h">
      <Filter>Headerdateien</Filter>
    </ClInclude>
    <ClInclude Include="src\LevelElement\Spike\Spike.h">
      <Filter>Headerdateien</Filter>
    </ClInclude>
    <ClInclude Include="src\Screen\LevelEditor\LevelEditor.h">
      <Filter>Headerdateien</Filter>
    </ClInclude>
    <ClInclude Include="src\Button\PlayCustomButton\PlayCustomButton.h">
      <Filter>Headerdateien</Filter>
    </ClInclude>
    <ClInclude Include="src\Button\ManualButton\ManualButton.h">
      <Filter>Headerdateien</Filter>
    </ClInclude>
    <ClInclude Include="src\Screen\Manual\Manual.h">
      <Filter>Headerdateien</Filter>
    </ClInclude>
    <ClInclude Include="src\BdalManager\BdalManager.h">
      <Filter>Headerdateien</Filter>
    </ClInclude>
    <ClInclude Include="src\Screen\CustomLevelSelect\CustomLevelSelect.h">
      <Filter>Headerdateien</Filter>
    </ClInclude>
    <ClInclude Include="src\Button\CreateNewCustomButton\CreateNewCustomButtom.h">
      <Filter>Headerdateien</Filter>
    </ClInclude>
  </ItemGroup>
  <ItemGroup>
    <ResourceCompile Include="icon\resource.rc">
      <Filter>Ressourcendateien</Filter>
    </ResourceCompile>
  </ItemGroup>
  <ItemGroup>
    <Image Include="icon\Logo.ico">
      <Filter>Ressourcendateien</Filter>
    </Image>
  </ItemGroup>
  <ItemGroup>
    <None Include="icon\resource.aps" />
  </ItemGroup>
</Project>